
Microsoft Visual Studio Solution File, Format Version 12.00
# Visual Studio Version 17
VisualStudioVersion = 17.4.33103.184
MinimumVisualStudioVersion = 10.0.40219.1
Project("{9A19103F-16F7-4668-BE54-9A1E7A4F7556}") = "Crowdfund", "Crowdfund\Crowdfund.csproj", "{912EA904-C21F-4711-90D8-8C24B779CF72}"
EndProject
Project("{FAE04EC0-301F-11D3-BF4B-00C04F79EFBC}") = "Crowdfund-API", "Crowdfund-API\Crowdfund-API.csproj", "{75A5E014-B301-4C82-A9FE-5EF7E22BA80E}"
EndProject
Global
	GlobalSection(SolutionConfigurationPlatforms) = preSolution
		Debug|Any CPU = Debug|Any CPU
		Release|Any CPU = Release|Any CPU
	EndGlobalSection
	GlobalSection(ProjectConfigurationPlatforms) = postSolution
		{912EA904-C21F-4711-90D8-8C24B779CF72}.Debug|Any CPU.ActiveCfg = Debug|Any CPU
		{912EA904-C21F-4711-90D8-8C24B779CF72}.Debug|Any CPU.Build.0 = Debug|Any CPU
		{912EA904-C21F-4711-90D8-8C24B779CF72}.Release|Any CPU.ActiveCfg = Release|Any CPU
		{912EA904-C21F-4711-90D8-8C24B779CF72}.Release|Any CPU.Build.0 = Release|Any CPU
		{75A5E014-B301-4C82-A9FE-5EF7E22BA80E}.Debug|Any CPU.ActiveCfg = Debug|Any CPU
		{75A5E014-B301-4C82-A9FE-5EF7E22BA80E}.Debug|Any CPU.Build.0 = Debug|Any CPU
		{75A5E014-B301-4C82-A9FE-5EF7E22BA80E}.Release|Any CPU.ActiveCfg = Release|Any CPU
		{75A5E014-B301-4C82-A9FE-5EF7E22BA80E}.Release|Any CPU.Build.0 = Release|Any CPU
	EndGlobalSection
	GlobalSection(SolutionProperties) = preSolution
		HideSolutionNode = FALSE
	EndGlobalSection
	GlobalSection(ExtensibilityGlobals) = postSolution
		SolutionGuid = {D718B067-0814-4015-B6FF-BD9F94E98BB6}
	EndGlobalSection
EndGlobal
